
Microsoft Visual Studio Solution File, Format Version 12.00
# Visual Studio Version 16
VisualStudioVersion = 16.0.30717.126
MinimumVisualStudioVersion = 10.0.40219.1
Project("{FAE04EC0-301F-11D3-BF4B-00C04F79EFBC}") = "ReservaVehiculos", "ReservaVehiculos\ReservaVehiculos.csproj", "{937C8DC9-69A3-49C7-819B-DD35DCFC958D}"
EndProject
Global
	GlobalSection(SolutionConfigurationPlatforms) = preSolution
		Debug|Any CPU = Debug|Any CPU
		Release|Any CPU = Release|Any CPU
	EndGlobalSection
	GlobalSection(ProjectConfigurationPlatforms) = postSolution
		{937C8DC9-69A3-49C7-819B-DD35DCFC958D}.Debug|Any CPU.ActiveCfg = Debug|Any CPU
		{937C8DC9-69A3-49C7-819B-DD35DCFC958D}.Debug|Any CPU.Build.0 = Debug|Any CPU
		{937C8DC9-69A3-49C7-819B-DD35DCFC958D}.Release|Any CPU.ActiveCfg = Release|Any CPU
		{937C8DC9-69A3-49C7-819B-DD35DCFC958D}.Release|Any CPU.Build.0 = Release|Any CPU
	EndGlobalSection
	GlobalSection(SolutionProperties) = preSolution
		HideSolutionNode = FALSE
	EndGlobalSection
	GlobalSection(ExtensibilityGlobals) = postSolution
		SolutionGuid = {CDA10722-6110-4A30-8FAC-9CA55F695ADD}
	EndGlobalSection
EndGlobal
